// !$*UTF8*$!
{
	archiveVersion = 1;
	classes = {
	};
	objectVersion = 46;
	objects = {

/* Begin PBXBuildFile section */
		0461D39618AE657D0042A24B /* Foundation.framework in Frameworks */ = {isa = PBXBuildFile; fileRef = 0461D39518AE657D0042A24B /* Foundation.framework */; };
		0461D39818AE657D0042A24B /* CoreGraphics.framework in Frameworks */ = {isa = PBXBuildFile; fileRef = 0461D39718AE657D0042A24B /* CoreGraphics.framework */; };
		0461D39A18AE657D0042A24B /* UIKit.framework in Frameworks */ = {isa = PBXBuildFile; fileRef = 0461D39918AE657D0042A24B /* UIKit.framework */; };
		0461D3A018AE657D0042A24B /* InfoPlist.strings in Resources */ = {isa = PBXBuildFile; fileRef = 0461D39E18AE657D0042A24B /* InfoPlist.strings */; };
		0461D3A218AE657D0042A24B /* main.m in Sources */ = {isa = PBXBuildFile; fileRef = 0461D3A118AE657D0042A24B /* main.m */; };
		0461D3A618AE657D0042A24B /* AppDelegate.m in Sources */ = {isa = PBXBuildFile; fileRef = 0461D3A518AE657D0042A24B /* AppDelegate.m */; };
		0461D3A818AE657D0042A24B /* Images.xcassets in Resources */ = {isa = PBXBuildFile; fileRef = 0461D3A718AE657D0042A24B /* Images.xcassets */; };
		0461D3AF18AE657D0042A24B /* XCTest.framework in Frameworks */ = {isa = PBXBuildFile; fileRef = 0461D3AE18AE657D0042A24B /* XCTest.framework */; };
		0461D3B018AE657D0042A24B /* Foundation.framework in Frameworks */ = {isa = PBXBuildFile; fileRef = 0461D39518AE657D0042A24B /* Foundation.framework */; };
		0461D3B118AE657D0042A24B /* UIKit.framework in Frameworks */ = {isa = PBXBuildFile; fileRef = 0461D39918AE657D0042A24B /* UIKit.framework */; };
		0461D3B918AE657D0042A24B /* InfoPlist.strings in Resources */ = {isa = PBXBuildFile; fileRef = 0461D3B718AE657D0042A24B /* InfoPlist.strings */; };
		0461D3BB18AE657D0042A24B /* BBVerticalAlignmentLabelTests.m in Sources */ = {isa = PBXBuildFile; fileRef = 0461D3BA18AE657D0042A24B /* BBVerticalAlignmentLabelTests.m */; };
		0461D3C618AE65A80042A24B /* BBVerticalAlignmentLabel.m in Sources */ = {isa = PBXBuildFile; fileRef = 0461D3C518AE65A80042A24B /* BBVerticalAlignmentLabel.m */; };
		0461D3C918AE65B80042A24B /* RootViewController.m in Sources */ = {isa = PBXBuildFile; fileRef = 0461D3C818AE65B80042A24B /* RootViewController.m */; };
/* End PBXBuildFile section */

/* Begin PBXContainerItemProxy section */
		0461D3B218AE657D0042A24B /* PBXContainerItemProxy */ = {
			isa = PBXContainerItemProxy;
			containerPortal = 0461D38A18AE657D0042A24B /* Project object */;
			proxyType = 1;
			remoteGlobalIDString = 0461D39118AE657D0042A24B;
			remoteInfo = BBVerticalAlignmentLabel;
		};
/* End PBXContainerItemProxy section */

/* Begin PBXFileReference section */
		0461D39218AE657D0042A24B /* BBVerticalAlignmentLabel.app */ = {isa = PBXFileReference; explicitFileType = wrapper.application; includeInIndex = 0; path = BBVerticalAlignmentLabel.app; sourceTree = BUILT_PRODUCTS_DIR; };
		0461D39518AE657D0042A24B /* Foundation.framework */ = {isa = PBXFileReference; lastKnownFileType = wrapper.framework; name = Foundation.framework; path = System/Library/Frameworks/Foundation.framework; sourceTree = SDKROOT; };
		0461D39718AE657D0042A24B /* CoreGraphics.framework */ = {isa = PBXFileReference; lastKnownFileType = wrapper.framework; name = CoreGraphics.framework; path = System/Library/Frameworks/CoreGraphics.framework; sourceTree = SDKROOT; };
		0461D39918AE657D0042A24B /* UIKit.framework */ = {isa = PBXFileReference; lastKnownFileType = wrapper.framework; name = UIKit.framework; path = System/Library/Frameworks/UIKit.framework; sourceTree = SDKROOT; };
		0461D39D18AE657D0042A24B /* BBVerticalAlignmentLabel-Info.plist */ = {isa = PBXFileReference; lastKnownFileType = text.plist.xml; path = "BBVerticalAlignmentLabel-Info.plist"; sourceTree = "<group>"; };
		0461D39F18AE657D0042A24B /* en */ = {isa = PBXFileReference; lastKnownFileType = text.plist.strings; name = en; path = en.lproj/InfoPlist.strings; sourceTree = "<group>"; };
		0461D3A118AE657D0042A24B /* main.m */ = {isa = PBXFileReference; lastKnownFileType = sourcecode.c.objc; path = main.m; sourceTree = "<group>"; };
		0461D3A318AE657D0042A24B /* BBVerticalAlignmentLabel-Prefix.pch */ = {isa = PBXFileReference; lastKnownFileType = sourcecode.c.h; path = "BBVerticalAlignmentLabel-Prefix.pch"; sourceTree = "<group>"; };
		0461D3A418AE657D0042A24B /* AppDelegate.h */ = {isa = PBXFileReference; lastKnownFileType = sourcecode.c.h; path = AppDelegate.h; sourceTree = "<group>"; };
		0461D3A518AE657D0042A24B /* AppDelegate.m */ = {isa = PBXFileReference; lastKnownFileType = sourcecode.c.objc; path = AppDelegate.m; sourceTree = "<group>"; };
		0461D3A718AE657D0042A24B /* Images.xcassets */ = {isa = PBXFileReference; lastKnownFileType = folder.assetcatalog; path = Images.xcassets; sourceTree = "<group>"; };
		0461D3AD18AE657D0042A24B /* BBVerticalAlignmentLabelTests.xctest */ = {isa = PBXFileReference; explicitFileType = wrapper.cfbundle; includeInIndex = 0; path = BBVerticalAlignmentLabelTests.xctest; sourceTree = BUILT_PRODUCTS_DIR; };
		0461D3AE18AE657D0042A24B /* XCTest.framework */ = {isa = PBXFileReference; lastKnownFileType = wrapper.framework; name = XCTest.framework; path = Library/Frameworks/XCTest.framework; sourceTree = DEVELOPER_DIR; };
		0461D3B618AE657D0042A24B /* BBVerticalAlignmentLabelTests-Info.plist */ = {isa = PBXFileReference; lastKnownFileType = text.plist.xml; path = "BBVerticalAlignmentLabelTests-Info.plist"; sourceTree = "<group>"; };
		0461D3B818AE657D0042A24B /* en */ = {isa = PBXFileReference; lastKnownFileType = text.plist.strings; name = en; path = en.lproj/InfoPlist.strings; sourceTree = "<group>"; };
		0461D3BA18AE657D0042A24B /* BBVerticalAlignmentLabelTests.m */ = {isa = PBXFileReference; lastKnownFileType = sourcecode.c.objc; path = BBVerticalAlignmentLabelTests.m; sourceTree = "<group>"; };
		0461D3C418AE65A80042A24B /* BBVerticalAlignmentLabel.h */ = {isa = PBXFileReference; fileEncoding = 4; lastKnownFileType = sourcecode.c.h; path = BBVerticalAlignmentLabel.h; sourceTree = "<group>"; };
		0461D3C518AE65A80042A24B /* BBVerticalAlignmentLabel.m */ = {isa = PBXFileReference; fileEncoding = 4; lastKnownFileType = sourcecode.c.objc; path = BBVerticalAlignmentLabel.m; sourceTree = "<group>"; };
		0461D3C718AE65B80042A24B /* RootViewController.h */ = {isa = PBXFileReference; fileEncoding = 4; lastKnownFileType = sourcecode.c.h; path = RootViewController.h; sourceTree = "<group>"; };
		0461D3C818AE65B80042A24B /* RootViewController.m */ = {isa = PBXFileReference; fileEncoding = 4; lastKnownFileType = sourcecode.c.objc; path = RootViewController.m; sourceTree = "<group>"; };
/* End PBXFileReference section */

/* Begin PBXFrameworksBuildPhase section */
		0461D38F18AE657D0042A24B /* Frameworks */ = {
			isa = PBXFrameworksBuildPhase;
			buildActionMask = 2147483647;
			files = (
				0461D39818AE657D0042A24B /* CoreGraphics.framework in Frameworks */,
				0461D39A18AE657D0042A24B /* UIKit.framework in Frameworks */,
				0461D39618AE657D0042A24B /* Foundation.framework in Frameworks */,
			);
			runOnlyForDeploymentPostprocessing = 0;
		};
		0461D3AA18AE657D0042A24B /* Frameworks */ = {
			isa = PBXFrameworksBuildPhase;
			buildActionMask = 2147483647;
			files = (
				0461D3AF18AE657D0042A24B /* XCTest.framework in Frameworks */,
				0461D3B118AE657D0042A24B /* UIKit.framework in Frameworks */,
				0461D3B018AE657D0042A24B /* Foundation.framework in Frameworks */,
			);
			runOnlyForDeploymentPostprocessing = 0;
		};
/* End PBXFrameworksBuildPhase section */

/* Begin PBXGroup section */
		0461D38918AE657D0042A24B = {
			isa = PBXGroup;
			children = (
				0461D39B18AE657D0042A24B /* BBVerticalAlignmentLabel */,
				0461D3B418AE657D0042A24B /* BBVerticalAlignmentLabelTests */,
				0461D39418AE657D0042A24B /* Frameworks */,
				0461D39318AE657D0042A24B /* Products */,
			);
			sourceTree = "<group>";
		};
		0461D39318AE657D0042A24B /* Products */ = {
			isa = PBXGroup;
			children = (
				0461D39218AE657D0042A24B /* BBVerticalAlignmentLabel.app */,
				0461D3AD18AE657D0042A24B /* BBVerticalAlignmentLabelTests.xctest */,
			);
			name = Products;
			sourceTree = "<group>";
		};
		0461D39418AE657D0042A24B /* Frameworks */ = {
			isa = PBXGroup;
			children = (
				0461D39518AE657D0042A24B /* Foundation.framework */,
				0461D39718AE657D0042A24B /* CoreGraphics.framework */,
				0461D39918AE657D0042A24B /* UIKit.framework */,
				0461D3AE18AE657D0042A24B /* XCTest.framework */,
			);
			name = Frameworks;
			sourceTree = "<group>";
		};
		0461D39B18AE657D0042A24B /* BBVerticalAlignmentLabel */ = {
			isa = PBXGroup;
			children = (
				0461D3A418AE657D0042A24B /* AppDelegate.h */,
				0461D3A518AE657D0042A24B /* AppDelegate.m */,
				0461D3A718AE657D0042A24B /* Images.xcassets */,
				0461D39C18AE657D0042A24B /* Supporting Files */,
				0461D3C418AE65A80042A24B /* BBVerticalAlignmentLabel.h */,
				0461D3C518AE65A80042A24B /* BBVerticalAlignmentLabel.m */,
				0461D3C718AE65B80042A24B /* RootViewController.h */,
				0461D3C818AE65B80042A24B /* RootViewController.m */,
			);
			path = BBVerticalAlignmentLabel;
			sourceTree = "<group>";
		};
		0461D39C18AE657D0042A24B /* Supporting Files */ = {
			isa = PBXGroup;
			children = (
				0461D39D18AE657D0042A24B /* BBVerticalAlignmentLabel-Info.plist */,
				0461D39E18AE657D0042A24B /* InfoPlist.strings */,
				0461D3A118AE657D0042A24B /* main.m */,
				0461D3A318AE657D0042A24B /* BBVerticalAlignmentLabel-Prefix.pch */,
			);
			name = "Supporting Files";
			sourceTree = "<group>";
		};
		0461D3B418AE657D0042A24B /* BBVerticalAlignmentLabelTests */ = {
			isa = PBXGroup;
			children = (
				0461D3BA18AE657D0042A24B /* BBVerticalAlignmentLabelTests.m */,
				0461D3B518AE657D0042A24B /* Supporting Files */,
			);
			path = BBVerticalAlignmentLabelTests;
			sourceTree = "<group>";
		};
		0461D3B518AE657D0042A24B /* Supporting Files */ = {
			isa = PBXGroup;
			children = (
				0461D3B618AE657D0042A24B /* BBVerticalAlignmentLabelTests-Info.plist */,
				0461D3B718AE657D0042A24B /* InfoPlist.strings */,
			);
			name = "Supporting Files";
			sourceTree = "<group>";
		};
/* End PBXGroup section */

/* Begin PBXNativeTarget section */
		0461D39118AE657D0042A24B /* BBVerticalAlignmentLabel */ = {
			isa = PBXNativeTarget;
			buildConfigurationList = 0461D3BE18AE657D0042A24B /* Build configuration list for PBXNativeTarget "BBVerticalAlignmentLabel" */;
			buildPhases = (
				0461D38E18AE657D0042A24B /* Sources */,
				0461D38F18AE657D0042A24B /* Frameworks */,
				0461D39018AE657D0042A24B /* Resources */,
			);
			buildRules = (
			);
			dependencies = (
			);
			name = BBVerticalAlignmentLabel;
			productName = BBVerticalAlignmentLabel;
			productReference = 0461D39218AE657D0042A24B /* BBVerticalAlignmentLabel.app */;
			productType = "com.apple.product-type.application";
		};
		0461D3AC18AE657D0042A24B /* BBVerticalAlignmentLabelTests */ = {
			isa = PBXNativeTarget;
			buildConfigurationList = 0461D3C118AE657D0042A24B /* Build configuration list for PBXNativeTarget "BBVerticalAlignmentLabelTests" */;
			buildPhases = (
				0461D3A918AE657D0042A24B /* Sources */,
				0461D3AA18AE657D0042A24B /* Frameworks */,
				0461D3AB18AE657D0042A24B /* Resources */,
			);
			buildRules = (
			);
			dependencies = (
				0461D3B318AE657D0042A24B /* PBXTargetDependency */,
			);
			name = BBVerticalAlignmentLabelTests;
			productName = BBVerticalAlignmentLabelTests;
			productReference = 0461D3AD18AE657D0042A24B /* BBVerticalAlignmentLabelTests.xctest */;
			productType = "com.apple.product-type.bundle.unit-test";
		};
/* End PBXNativeTarget section */

/* Begin PBXProject section */
		0461D38A18AE657D0042A24B /* Project object */ = {
			isa = PBXProject;
			attributes = {
				LastUpgradeCheck = 0500;
				ORGANIZATIONNAME = liukun;
				TargetAttributes = {
					0461D3AC18AE657D0042A24B = {
						TestTargetID = 0461D39118AE657D0042A24B;
					};
				};
			};
			buildConfigurationList = 0461D38D18AE657D0042A24B /* Build configuration list for PBXProject "BBVerticalAlignmentLabel" */;
			compatibilityVersion = "Xcode 3.2";
			developmentRegion = English;
			hasScannedForEncodings = 0;
			knownRegions = (
				en,
			);
			mainGroup = 0461D38918AE657D0042A24B;
			productRefGroup = 0461D39318AE657D0042A24B /* Products */;
			projectDirPath = "";
			projectRoot = "";
			targets = (
				0461D39118AE657D0042A24B /* BBVerticalAlignmentLabel */,
				0461D3AC18AE657D0042A24B /* BBVerticalAlignmentLabelTests */,
			);
		};
/* End PBXProject section */

/* Begin PBXResourcesBuildPhase section */
		0461D39018AE657D0042A24B /* Resources */ = {
			isa = PBXResourcesBuildPhase;
			buildActionMask = 2147483647;
			files = (
				0461D3A018AE657D0042A24B /* InfoPlist.strings in Resources */,
				0461D3A818AE657D0042A24B /* Images.xcassets in Resources */,
			);
			runOnlyForDeploymentPostprocessing = 0;
		};
		0461D3AB18AE657D0042A24B /* Resources */ = {
			isa = PBXResourcesBuildPhase;
			buildActionMask = 2147483647;
			files = (
				0461D3B918AE657D0042A24B /* InfoPlist.strings in Resources */,
			);
			runOnlyForDeploymentPostprocessing = 0;
		};
/* End PBXResourcesBuildPhase section */

/* Begin PBXSourcesBuildPhase section */
		0461D38E18AE657D0042A24B /* Sources */ = {
			isa = PBXSourcesBuildPhase;
			buildActionMask = 2147483647;
			files = (
				0461D3A618AE657D0042A24B /* AppDelegate.m in Sources */,
				0461D3A218AE657D0042A24B /* main.m in Sources */,
				0461D3C918AE65B80042A24B /* RootViewController.m in Sources */,
				0461D3C618AE65A80042A24B /* BBVerticalAlignmentLabel.m in Sources */,
			);
			runOnlyForDeploymentPostprocessing = 0;
		};
		0461D3A918AE657D0042A24B /* Sources */ = {
			isa = PBXSourcesBuildPhase;
			buildActionMask = 2147483647;
			files = (
				0461D3BB18AE657D0042A24B /* BBVerticalAlignmentLabelTests.m in Sources */,
			);
			runOnlyForDeploymentPostprocessing = 0;
		};
/* End PBXSourcesBuildPhase section */

/* Begin PBXTargetDependency section */
		0461D3B318AE657D0042A24B /* PBXTargetDependency */ = {
			isa = PBXTargetDependency;
			target = 0461D39118AE657D0042A24B /* BBVerticalAlignmentLabel */;
			targetProxy = 0461D3B218AE657D0042A24B /* PBXContainerItemProxy */;
		};
/* End PBXTargetDependency section */

/* Begin PBXVariantGroup section */
		0461D39E18AE657D0042A24B /* InfoPlist.strings */ = {
			isa = PBXVariantGroup;
			children = (
				0461D39F18AE657D0042A24B /* en */,
			);
			name = InfoPlist.strings;
			sourceTree = "<group>";
		};
		0461D3B718AE657D0042A24B /* InfoPlist.strings */ = {
			isa = PBXVariantGroup;
			children = (
				0461D3B818AE657D0042A24B /* en */,
			);
			name = InfoPlist.strings;
			sourceTree = "<group>";
		};
/* End PBXVariantGroup section */

/* Begin XCBuildConfiguration section */
		0461D3BC18AE657D0042A24B /* Debug */ = {
			isa = XCBuildConfiguration;
			buildSettings = {
				ALWAYS_SEARCH_USER_PATHS = NO;
				ARCHS = "$(ARCHS_STANDARD_INCLUDING_64_BIT)";
				CLANG_CXX_LANGUAGE_STANDARD = "gnu++0x";
				CLANG_CXX_LIBRARY = "libc++";
				CLANG_ENABLE_MODULES = YES;
				CLANG_ENABLE_OBJC_ARC = YES;
				CLANG_WARN_BOOL_CONVERSION = YES;
				CLANG_WARN_CONSTANT_CONVERSION = YES;
				CLANG_WARN_DIRECT_OBJC_ISA_USAGE = YES_ERROR;
				CLANG_WARN_EMPTY_BODY = YES;
				CLANG_WARN_ENUM_CONVERSION = YES;
				CLANG_WARN_INT_CONVERSION = YES;
				CLANG_WARN_OBJC_ROOT_CLASS = YES_ERROR;
				CLANG_WARN__DUPLICATE_METHOD_MATCH = YES;
				"CODE_SIGN_IDENTITY[sdk=iphoneos*]" = "iPhone Developer";
				COPY_PHASE_STRIP = NO;
				GCC_C_LANGUAGE_STANDARD = gnu99;
				GCC_DYNAMIC_NO_PIC = NO;
				GCC_OPTIMIZATION_LEVEL = 0;
				GCC_PREPROCESSOR_DEFINITIONS = (
					"DEBUG=1",
					"$(inherited)",
				);
				GCC_SYMBOLS_PRIVATE_EXTERN = NO;
				GCC_WARN_64_TO_32_BIT_CONVERSION = YES;
				GCC_WARN_ABOUT_RETURN_TYPE = YES_ERROR;
				GCC_WARN_UNDECLARED_SELECTOR = YES;
				GCC_WARN_UNINITIALIZED_AUTOS = YES;
				GCC_WARN_UNUSED_FUNCTION = YES;
				GCC_WARN_UNUSED_VARIABLE = YES;
				IPHONEOS_DEPLOYMENT_TARGET = 7.0;
				ONLY_ACTIVE_ARCH = YES;
				SDKROOT = iphoneos;
				TARGETED_DEVICE_FAMILY = "1,2";
			};
			name = Debug;
		};
		0461D3BD18AE657D0042A24B /* Release */ = {
			isa = XCBuildConfiguration;
			buildSettings = {
				ALWAYS_SEARCH_USER_PATHS = NO;
				ARCHS = "$(ARCHS_STANDARD_INCLUDING_64_BIT)";
				CLANG_CXX_LANGUAGE_STANDARD = "gnu++0x";
				CLANG_CXX_LIBRARY = "libc++";
				CLANG_ENABLE_MODULES = YES;
				CLANG_ENABLE_OBJC_ARC = YES;
				CLANG_WARN_BOOL_CONVERSION = YES;
				CLANG_WARN_CONSTANT_CONVERSION = YES;
				CLANG_WARN_DIRECT_OBJC_ISA_USAGE = YES_ERROR;
				CLANG_WARN_EMPTY_BODY = YES;
				CLANG_WARN_ENUM_CONVERSION = YES;
				CLANG_WARN_INT_CONVERSION = YES;
				CLANG_WARN_OBJC_ROOT_CLASS = YES_ERROR;
				CLANG_WARN__DUPLICATE_METHOD_MATCH = YES;
				"CODE_SIGN_IDENTITY[sdk=iphoneos*]" = "iPhone Developer";
				COPY_PHASE_STRIP = YES;
				ENABLE_NS_ASSERTIONS = NO;
				GCC_C_LANGUAGE_STANDARD = gnu99;
				GCC_WARN_64_TO_32_BIT_CONVERSION = YES;
				GCC_WARN_ABOUT_RETURN_TYPE = YES_ERROR;
				GCC_WARN_UNDECLARED_SELECTOR = YES;
				GCC_WARN_UNINITIALIZED_AUTOS = YES;
				GCC_WARN_UNUSED_FUNCTION = YES;
				GCC_WARN_UNUSED_VARIABLE = YES;
				IPHONEOS_DEPLOYMENT_TARGET = 7.0;
				SDKROOT = iphoneos;
				TARGETED_DEVICE_FAMILY = "1,2";
				VALIDATE_PRODUCT = YES;
			};
			name = Release;
		};
		0461D3BF18AE657D0042A24B /* Debug */ = {
			isa = XCBuildConfiguration;
			buildSettings = {
				ASSETCATALOG_COMPILER_APPICON_NAME = AppIcon;
				ASSETCATALOG_COMPILER_LAUNCHIMAGE_NAME = LaunchImage;
				GCC_PRECOMPILE_PREFIX_HEADER = YES;
				GCC_PREFIX_HEADER = "BBVerticalAlignmentLabel/BBVerticalAlignmentLabel-Prefix.pch";
				INFOPLIST_FILE = "BBVerticalAlignmentLabel/BBVerticalAlignmentLabel-Info.plist";
				IPHONEOS_DEPLOYMENT_TARGET = 6.0;
				PRODUCT_NAME = "$(TARGET_NAME)";
				WRAPPER_EXTENSION = app;
			};
			name = Debug;
		};
		0461D3C018AE657D0042A24B /* Release */ = {
			isa = XCBuildConfiguration;
			buildSettings = {
				ASSETCATALOG_COMPILER_APPICON_NAME = AppIcon;
				ASSETCATALOG_COMPILER_LAUNCHIMAGE_NAME = LaunchImage;
				GCC_PRECOMPILE_PREFIX_HEADER = YES;
				GCC_PREFIX_HEADER = "BBVerticalAlignmentLabel/BBVerticalAlignmentLabel-Prefix.pch";
				INFOPLIST_FILE = "BBVerticalAlignmentLabel/BBVerticalAlignmentLabel-Info.plist";
				IPHONEOS_DEPLOYMENT_TARGET = 6.0;
				PRODUCT_NAME = "$(TARGET_NAME)";
				WRAPPER_EXTENSION = app;
			};
			name = Release;
		};
		0461D3C218AE657D0042A24B /* Debug */ = {
			isa = XCBuildConfiguration;
			buildSettings = {
				ARCHS = "$(ARCHS_STANDARD_INCLUDING_64_BIT)";
				BUNDLE_LOADER = "$(BUILT_PRODUCTS_DIR)/BBVerticalAlignmentLabel.app/BBVerticalAlignmentLabel";
				FRAMEWORK_SEARCH_PATHS = (
					"$(SDKROOT)/Developer/Library/Frameworks",
					"$(inherited)",
					"$(DEVELOPER_FRAMEWORKS_DIR)",
				);
				GCC_PRECOMPILE_PREFIX_HEADER = YES;
				GCC_PREFIX_HEADER = "BBVerticalAlignmentLabel/BBVerticalAlignmentLabel-Prefix.pch";
				GCC_PREPROCESSOR_DEFINITIONS = (
					"DEBUG=1",
					"$(inherited)",
				);
				INFOPLIST_FILE = "BBVerticalAlignmentLabelTests/BBVerticalAlignmentLabelTests-Info.plist";
				PRODUCT_NAME = "$(TARGET_NAME)";
				TEST_HOST = "$(BUNDLE_LOADER)";
				WRAPPER_EXTENSION = xctest;
			};
			name = Debug;
		};
		0461D3C318AE657D0042A24B /* Release */ = {
			isa = XCBuildConfiguration;
			buildSettings = {
				ARCHS = "$(ARCHS_STANDARD_INCLUDING_64_BIT)";
				BUNDLE_LOADER = "$(BUILT_PRODUCTS_DIR)/BBVerticalAlignmentLabel.app/BBVerticalAlignmentLabel";
				FRAMEWORK_SEARCH_PATHS = (
					"$(SDKROOT)/Developer/Library/Frameworks",
					"$(inherited)",
					"$(DEVELOPER_FRAMEWORKS_DIR)",
				);
				GCC_PRECOMPILE_PREFIX_HEADER = YES;
				GCC_PREFIX_HEADER = "BBVerticalAlignmentLabel/BBVerticalAlignmentLabel-Prefix.pch";
				INFOPLIST_FILE = "BBVerticalAlignmentLabelTests/BBVerticalAlignmentLabelTests-Info.plist";
				PRODUCT_NAME = "$(TARGET_NAME)";
				TEST_HOST = "$(BUNDLE_LOADER)";
				WRAPPER_EXTENSION = xctest;
			};
			name = Release;
		};
/* End XCBuildConfiguration section */

/* Begin XCConfigurationList section */
		0461D38D18AE657D0042A24B /* Build configuration list for PBXProject "BBVerticalAlignmentLabel" */ = {
			isa = XCConfigurationList;
			buildConfigurations = (
				0461D3BC18AE657D0042A24B /* Debug */,
				0461D3BD18AE657D0042A24B /* Release */,
			);
			defaultConfigurationIsVisible = 0;
			defaultConfigurationName = Release;
		};
		0461D3BE18AE657D0042A24B /* Build configuration list for PBXNativeTarget "BBVerticalAlignmentLabel" */ = {
			isa = XCConfigurationList;
			buildConfigurations = (
				0461D3BF18AE657D0042A24B /* Debug */,
				0461D3C018AE657D0042A24B /* Release */,
			);
			defaultConfigurationIsVisible = 0;
		};
		0461D3C118AE657D0042A24B /* Build configuration list for PBXNativeTarget "BBVerticalAlignmentLabelTests" */ = {
			isa = XCConfigurationList;
			buildConfigurations = (
				0461D3C218AE657D0042A24B /* Debug */,
				0461D3C318AE657D0042A24B /* Release */,
			);
			defaultConfigurationIsVisible = 0;
		};
/* End XCConfigurationList section */
	};
	rootObject = 0461D38A18AE657D0042A24B /* Project object */;
}
